// !$*UTF8*$!
{
	archiveVersion = 1;
	classes = {
	};
	objectVersion = 77;
	objects = {

/* Begin PBXBuildFile section */
		00E39602B932A851F2815A24 /* NotationDisplayView.swift in Sources */ = {isa = PBXBuildFile; fileRef = D81F937A8A46BC53602A14D2 /* NotationDisplayView.swift */; };
		0581234A921EC87990834716 /* SixteenthRhythmPracticeView.swift in Sources */ = {isa = PBXBuildFile; fileRef = 17B58E8437F0C416CCC9FC60 /* SixteenthRhythmPracticeView.swift */; };
		06297363093B515448F91314 /* SixteenthRhythmPattern.swift in Sources */ = {isa = PBXBuildFile; fileRef = 5718CA3B9970A36EA3D28588 /* SixteenthRhythmPattern.swift */; };
		0A337E3D33FFACA21FD9DAC8 /* ProgressionAnalyzerView.swift in Sources */ = {isa = PBXBuildFile; fileRef = A998B391AF01140BE2695ED1 /* ProgressionAnalyzerView.swift */; };
		0C9B0C9E8D7947AA830C8647 /* TestConfigurationTests.swift in Sources */ = {isa = PBXBuildFile; fileRef = D43A03F556DC80288C9DA37A /* TestConfigurationTests.swift */; };
		0E74608B3FB9AF57FF2FE3EE /* PitchMeterView.swift in Sources */ = {isa = PBXBuildFile; fileRef = 963FE412C2BA09770E554DD4 /* PitchMeterView.swift */; };
		10B6F321BB1AE1836B4E8C33 /* ProfileTab.swift in Sources */ = {isa = PBXBuildFile; fileRef = B30C42A8EA395AF378E812C6 /* ProfileTab.swift */; };
		171359E664DCFE39CC27AFD6 /* ScoreResultView.swift in Sources */ = {isa = PBXBuildFile; fileRef = BA907455E32AF2BB2C5E1DA2 /* ScoreResultView.swift */; };
		1AEFE410937546AC80EB4440 /* HapticEngine.swift in Sources */ = {isa = PBXBuildFile; fileRef = CFDBEF644DD54AF49DED53F2 /* HapticEngine.swift */; };
		243E31F0274BB67A9AA84340 /* MusicTheoryTests.swift in Sources */ = {isa = PBXBuildFile; fileRef = A3DE4A370F6300914E4059D5 /* MusicTheoryTests.swift */; };
		2732479C34DDB36A6AA282D9 /* TestQuestion.swift in Sources */ = {isa = PBXBuildFile; fileRef = C2E5D95C4942C09A8D311BCB /* TestQuestion.swift */; };
		27F0AA711598F245F76EC1B5 /* ExerciseContainerView.swift in Sources */ = {isa = PBXBuildFile; fileRef = 181AC47735BD08C333391D0A /* ExerciseContainerView.swift */; };
		286BC9C0C88E1D1BCC8CCF70 /* ModeExplorerView.swift in Sources */ = {isa = PBXBuildFile; fileRef = DA76AA508226C631B939F0E9 /* ModeExplorerView.swift */; };
		29772A92B2D16B2EE15D8763 /* ScaleEngine.swift in Sources */ = {isa = PBXBuildFile; fileRef = BF19042376CF4FB839E60BD9 /* ScaleEngine.swift */; };
		2A2268086DF5937DC6F94ACA /* MusicNoteSymbol.swift in Sources */ = {isa = PBXBuildFile; fileRef = 215B7141876BC5E0EF6FB2D4 /* MusicNoteSymbol.swift */; };
		2CF5FDF1D4E64F4A8E820F57 /* ThemeAtmosphere.swift in Sources */ = {isa = PBXBuildFile; fileRef = 03D3405191884ACAA1C1A4EE /* ThemeAtmosphere.swift */; };
		302BDA53CB83CB64EC661184 /* ContentView.swift in Sources */ = {isa = PBXBuildFile; fileRef = D5B86F3AE1CE6A63F1625AA5 /* ContentView.swift */; };
		30D9D78F16CF418A9BC1148D /* RhythmEngine.swift in Sources */ = {isa = PBXBuildFile; fileRef = F17375B0287C4B09B503ABB4 /* RhythmEngine.swift */; };
		324F096B55626D6E9438521A /* PianoKeyboardView.swift in Sources */ = {isa = PBXBuildFile; fileRef = 594EEDCA1634DDC6D0FAEF2F /* PianoKeyboardView.swift */; };
		373596F4C7EFA2A548ED089E /* TestViewModel.swift in Sources */ = {isa = PBXBuildFile; fileRef = BA9065E983AF8D09BF8BDE5F /* TestViewModel.swift */; };
		387430C704F4DFABC60E33FA /* TestHistory.swift in Sources */ = {isa = PBXBuildFile; fileRef = A76BD6724A47D565B80AC285 /* TestHistory.swift */; };
		388F805D7ABF4AAC9770011C /* PracticeSession.swift in Sources */ = {isa = PBXBuildFile; fileRef = B02061651B294B6F9C2CFDC8 /* PracticeSession.swift */; };
		3C72E039FC2649EE105C6452 /* RhythmPatternPracticeView.swift in Sources */ = {isa = PBXBuildFile; fileRef = C8141F069778193BFD07DCAE /* RhythmPatternPracticeView.swift */; };
		3DB1E50FC4828EB8BB9F543A /* TestEngine.swift in Sources */ = {isa = PBXBuildFile; fileRef = 2C0D0EB41C0223396CDACDE6 /* TestEngine.swift */; };
		3ECE7229782EAA78780A1E45 /* QuestionBank.swift in Sources */ = {isa = PBXBuildFile; fileRef = AB598DB81C5E521DA7B4DABC /* QuestionBank.swift */; };
		4019097616B44D0291250C13 /* TheoryTapAudio.swift in Sources */ = {isa = PBXBuildFile; fileRef = 516FBA6A201B490786BC6706 /* TheoryTapAudio.swift */; };
		40DD4B250065689C49E37C3B /* TheoryPracticeMapper.swift in Sources */ = {isa = PBXBuildFile; fileRef = 6169AE7E43F118774DB6535F /* TheoryPracticeMapper.swift */; };
		41ABE9990EAB3D31FB5B8688 /* RecommendationEngineTests.swift in Sources */ = {isa = PBXBuildFile; fileRef = E8097D737617F4F5D82FD658 /* RecommendationEngineTests.swift */; };
		41B4627B874CF9B9DC9B2C06 /* TheoryPracticeMapperTests.swift in Sources */ = {isa = PBXBuildFile; fileRef = 8025FF101825CA9830B6C653 /* TheoryPracticeMapperTests.swift */; };
		436B5E1B10B156D5D2AD1E2F /* TestTab.swift in Sources */ = {isa = PBXBuildFile; fileRef = BA5003DAEEE44FE18919E1FC /* TestTab.swift */; };
		45FD64D79FB02176AB83FF6C /* ExerciseType.swift in Sources */ = {isa = PBXBuildFile; fileRef = 601790FC8AAC3DEC81863517 /* ExerciseType.swift */; };
		485A1F2C3FF99EB159B928FC /* RootNoteListeningView.swift in Sources */ = {isa = PBXBuildFile; fileRef = 259AE7447E570D2EDAA052CE /* RootNoteListeningView.swift */; };
		4A6705231BAACF69EFAC5C73 /* MusicTheory.swift in Sources */ = {isa = PBXBuildFile; fileRef = 0B93E2FD9903FEE1810B4F2E /* MusicTheory.swift */; };
		51B87CC07CC9EA92238659B4 /* FretboardModel.swift in Sources */ = {isa = PBXBuildFile; fileRef = FFFC1DDB7E73DAD016DB1E92 /* FretboardModel.swift */; };
		52F25E705B5B4EBAB3A7A51A /* RhythmPattern.swift in Sources */ = {isa = PBXBuildFile; fileRef = 9102C416F7914C0BA51FDE3D /* RhythmPattern.swift */; };
		5D9C223D85E946F49912E2A1 /* PlaybackEngine.swift in Sources */ = {isa = PBXBuildFile; fileRef = DBE913440F6842978D984C5E /* PlaybackEngine.swift */; };
		60133EBA117F4A4C5DBBEB16 /* ChordProgressionEngine.swift in Sources */ = {isa = PBXBuildFile; fileRef = 0D1EBF5F63C420F3C85EA157 /* ChordProgressionEngine.swift */; };
		664AFE58856447BC8DF9D0AA /* MotionModifiers.swift in Sources */ = {isa = PBXBuildFile; fileRef = 5D7815A5A73C4E44A4F87953 /* MotionModifiers.swift */; };
		69867AC2B20606A87D60B501 /* NotationSwitcher.swift in Sources */ = {isa = PBXBuildFile; fileRef = B687B7E5F44A8733579A6E0E /* NotationSwitcher.swift */; };
		69BA07231DED45A58C38BFB7 /* PlaybackState.swift in Sources */ = {isa = PBXBuildFile; fileRef = B80F3166F42B40BC944C62DE /* PlaybackState.swift */; };
		6A7B3138D101489E2659D68A /* ChordIdentity.swift in Sources */ = {isa = PBXBuildFile; fileRef = AC2823AD3F6D03F3C1B8DA66 /* ChordIdentity.swift */; };
		6F5506E24B71000BAF94A838 /* AppTheme.swift in Sources */ = {isa = PBXBuildFile; fileRef = F52018B429CCB1DE305FF392 /* AppTheme.swift */; };
		7582E26C577B3FA42E4F5567 /* MelodyNote.swift in Sources */ = {isa = PBXBuildFile; fileRef = F2E0413F87AFB27C0E2F8505 /* MelodyNote.swift */; };
		75EE51F27925A8CFE36204F4 /* SpecialTheoryViews.swift in Sources */ = {isa = PBXBuildFile; fileRef = A9F7D90BF97ADBF2FCF2D6F8 /* SpecialTheoryViews.swift */; };
		762D278C75D14F89861EB3B7 /* TheoryDetailContent.swift in Sources */ = {isa = PBXBuildFile; fileRef = 181A9B0FCB394847829A1A11 /* TheoryDetailContent.swift */; };
		7759C9133A36499FBB7CFFF4 /* RhythmRuntime.swift in Sources */ = {isa = PBXBuildFile; fileRef = 0C0690914CBF468390A4E3DF /* RhythmRuntime.swift */; };
		7B13BA07A8B72ACF26D3FCDD /* Configuration.swift in Sources */ = {isa = PBXBuildFile; fileRef = B3EE67C78A353FF5D5C0DFA2 /* Configuration.swift */; };
		7E62F658BB58ED2120480BB9 /* ModuleCard.swift in Sources */ = {isa = PBXBuildFile; fileRef = 3F83E4A98F279D7162C19BD2 /* ModuleCard.swift */; };
		867E145999B6412EB6438CA4 /* ExperienceActions.swift in Sources */ = {isa = PBXBuildFile; fileRef = B20D156B191341469E806772 /* ExperienceActions.swift */; };
		87B60CFA0881C2A605C52051 /* PracticeTab.swift in Sources */ = {isa = PBXBuildFile; fileRef = 5E6D287AC90F42F33BEDF68A /* PracticeTab.swift */; };
		8831626FAFA24CC748782C0E /* PitchDetectorConfigurationTests.swift in Sources */ = {isa = PBXBuildFile; fileRef = FBFEA9F796E057A2655E130B /* PitchDetectorConfigurationTests.swift */; };
		8850A5288733461996DCF984 /* ExperienceEngine.swift in Sources */ = {isa = PBXBuildFile; fileRef = 61420682FC644D1B916657E1 /* ExperienceEngine.swift */; };
		88F4AB67BA0B68503891A75E /* TestEngineTests.swift in Sources */ = {isa = PBXBuildFile; fileRef = 319F086C6C64D0805C0276BE /* TestEngineTests.swift */; };
		8C5CCA9BA165E0B8B14408C8 /* GuitarTabView.swift in Sources */ = {isa = PBXBuildFile; fileRef = D6D950CE790C5A1604DFB9F3 /* GuitarTabView.swift */; };
		951AF669B9F17A48992D37CB /* ModuleDetailView.swift in Sources */ = {isa = PBXBuildFile; fileRef = 3625C6E5C1D3734074879496 /* ModuleDetailView.swift */; };
		97ACC62D2BCF4AA1BD1E5AD6 /* PlaybackStore.swift in Sources */ = {isa = PBXBuildFile; fileRef = CB0EE0F4D5E34900B213C986 /* PlaybackStore.swift */; };
		98457F44018C48C222601C70 /* PracticeRecord.swift in Sources */ = {isa = PBXBuildFile; fileRef = 9D70A42CB83C67D7719433C2 /* PracticeRecord.swift */; };
		9F64F8944E91F76283B7DF26 /* SightSingingResultView.swift in Sources */ = {isa = PBXBuildFile; fileRef = DF46E4511E3AA40579F6B40F /* SightSingingResultView.swift */; };
		A1B2C3D40001000100010001 /* PracticeCategoryPage.swift in Sources */ = {isa = PBXBuildFile; fileRef = A1B2C3D40001000100010002 /* PracticeCategoryPage.swift */; };
		A1B2C3D40001000100010003 /* ExerciseLevelsPage.swift in Sources */ = {isa = PBXBuildFile; fileRef = A1B2C3D40001000100010004 /* ExerciseLevelsPage.swift */; };
		A1B2C3D40001000100010006 /* TimbreSettings.swift in Sources */ = {isa = PBXBuildFile; fileRef = A1B2C3D40001000100010005 /* TimbreSettings.swift */; };
		A1B2C3D4E5F6000100010002 /* ExerciseSoundPlayer.swift in Sources */ = {isa = PBXBuildFile; fileRef = A1B2C3D4E5F6000100010001 /* ExerciseSoundPlayer.swift */; };
		A70E6908FA864185BA7657FF /* TheoryGraphics.swift in Sources */ = {isa = PBXBuildFile; fileRef = B06B057AE91241ECB9C1AB77 /* TheoryGraphics.swift */; };
		AEDCCBDF5CF207615A7C25DA /* SightSingingApp.swift in Sources */ = {isa = PBXBuildFile; fileRef = 44EF59FACB6B74712F2D261D /* SightSingingApp.swift */; };
		B1C2D3E40002000200020001 /* ExerciseLayout.swift in Sources */ = {isa = PBXBuildFile; fileRef = B1C2D3E40002000200020002 /* ExerciseLayout.swift */; };
		B1C2D3E40002000200020003 /* MusicKeyboard.swift in Sources */ = {isa = PBXBuildFile; fileRef = B1C2D3E40002000200020004 /* MusicKeyboard.swift */; };
		B575E2EF6B41C73F45877EAB /* PracticeViewModel.swift in Sources */ = {isa = PBXBuildFile; fileRef = 05BC2207F89228789EFB8BB5 /* PracticeViewModel.swift */; };
		B5E99A0F189B5FDD4651A87E /* ChordFingeringSolver.swift in Sources */ = {isa = PBXBuildFile; fileRef = 4B8CDBBB9FEDC767D8C2ABBE /* ChordFingeringSolver.swift */; };
		B881BA1B9230837CA249A329 /* AudioEngine.swift in Sources */ = {isa = PBXBuildFile; fileRef = 27C1CCAE6A2F831E379A970C /* AudioEngine.swift */; };
		B90C1623B0FC921654549A1C /* AppModels.swift in Sources */ = {isa = PBXBuildFile; fileRef = 9F3336A1E0E5029FCCFCCDDD /* AppModels.swift */; };
		BA76018C3D10521BA176F91B /* SightSingingViewModel.swift in Sources */ = {isa = PBXBuildFile; fileRef = 04EDF272F2F72B0A720246A6 /* SightSingingViewModel.swift */; };
		BB730C74DB662597B10E3BBF /* FretboardPoint.swift in Sources */ = {isa = PBXBuildFile; fileRef = 70F3981E49AC51E5E81ACDDD /* FretboardPoint.swift */; };
		BE36E458AFDD395987EE50C6 /* TheoryViewModel.swift in Sources */ = {isa = PBXBuildFile; fileRef = 44327F8C01BE33003F2AD880 /* TheoryViewModel.swift */; };
		C26B52AC8F3C1B3190BAE732 /* SightSingingView.swift in Sources */ = {isa = PBXBuildFile; fileRef = 3092C30EE32CDD092F5A5700 /* SightSingingView.swift */; };
		C4437D48400A43C3911CFAFF /* TheoryProgress.swift in Sources */ = {isa = PBXBuildFile; fileRef = 6A9A6DE7F12549FFADC76A99 /* TheoryProgress.swift */; };
		C51B4BD1232EB7D9355C4FA9 /* TheoryCurriculumDetailData.swift in Sources */ = {isa = PBXBuildFile; fileRef = D08E20C1C6A0A3E9A1DF772E /* TheoryCurriculumDetailData.swift */; };
		C7B22881A7213F1C904E3A4C /* NotationType.swift in Sources */ = {isa = PBXBuildFile; fileRef = 76D7C724F714E1B7C161F690 /* NotationType.swift */; };
		C8E94BD96F53D7CA4A15ED48 /* PitchDetector.swift in Sources */ = {isa = PBXBuildFile; fileRef = 261DC55094851555851B7D28 /* PitchDetector.swift */; };
		CCEBFF86B214E0F8299A01AF /* ChordData.swift in Sources */ = {isa = PBXBuildFile; fileRef = 4A4AAC8FC3A3C6A25CD962D3 /* ChordData.swift */; };
		CE4A8FD277E718D254AE164B /* TheoryTopic.swift in Sources */ = {isa = PBXBuildFile; fileRef = 441FFD531C75180F398FA453 /* TheoryTopic.swift */; };
		CF9C0BC9E09149BA86F62EB8 /* MotionTokens.swift in Sources */ = {isa = PBXBuildFile; fileRef = CC818E145CDF499689DC279F /* MotionTokens.swift */; };
		D261179F5344CF64F3B65ED0 /* RecommendationEngine.swift in Sources */ = {isa = PBXBuildFile; fileRef = 0A9BE4CBE9F17A18BD015D84 /* RecommendationEngine.swift */; };
		D70720469349B1E0ED50DF19 /* ColorTheme.swift in Sources */ = {isa = PBXBuildFile; fileRef = DD8B4B3FA9716AF3F5F7B76A /* ColorTheme.swift */; };
		D7CF263D2FF64D797AC1A69D /* ChordBrowserView.swift in Sources */ = {isa = PBXBuildFile; fileRef = 87642F55052640ADAA07DB60 /* ChordBrowserView.swift */; };
		D7F9A36625178FEFB5BB6C86 /* SixteenthRhythmPatternPracticeView.swift in Sources */ = {isa = PBXBuildFile; fileRef = F4460199189C984B389F37A3 /* SixteenthRhythmPatternPracticeView.swift */; };
		DFD2AB34CA00A3CEEA980955 /* TestResult.swift in Sources */ = {isa = PBXBuildFile; fileRef = B36388BDCE24BCA0FE243B7A /* TestResult.swift */; };
		E488F1D31F4E0D31D1003C09 /* ProfileViewModel.swift in Sources */ = {isa = PBXBuildFile; fileRef = 9E9D52E8CCBCD5B65636F68E /* ProfileViewModel.swift */; };
		E4C36AD0047A0369D511DF5E /* AppLogger.swift in Sources */ = {isa = PBXBuildFile; fileRef = 049CD77A308C2EDA6BDEA517 /* AppLogger.swift */; };
		E4C4D21C9D8C0C86D4AAE630 /* ExerciseModule.swift in Sources */ = {isa = PBXBuildFile; fileRef = 3F03FF10A76E950C3E7E52B2 /* ExerciseModule.swift */; };
		E7947959E15CB2C718D4C3F3 /* SolfegeView.swift in Sources */ = {isa = PBXBuildFile; fileRef = 6E0148CC8B0113DCFA7044A4 /* SolfegeView.swift */; };
		ED04FD22D673414FBBC5EF36 /* RhythmPracticeView.swift in Sources */ = {isa = PBXBuildFile; fileRef = 26328DB802F441F7BA360B28 /* RhythmPracticeView.swift */; };
		EF35629CE2204ACAA831F6DC /* MasterMusicClock.swift in Sources */ = {isa = PBXBuildFile; fileRef = 486D52842A974C64AA845606 /* MasterMusicClock.swift */; };
		F011F9C2580653493F6AB7F6 /* HarmonyGraphics.swift in Sources */ = {isa = PBXBuildFile; fileRef = 13CCE7BBD4A2E2093EB1BC83 /* HarmonyGraphics.swift */; };
		F09AD69673DDDC4807A9A888 /* TheoryTab.swift in Sources */ = {isa = PBXBuildFile; fileRef = EA7F60C80EB0CBD4C4A0E8B3 /* TheoryTab.swift */; };
		F12F71526DD1DBF6628579C0 /* RhythmLibraryView.swift in Sources */ = {isa = PBXBuildFile; fileRef = A822BE26318C6E0B54ECE17E /* RhythmLibraryView.swift */; };
		F1A2B3C4D5E6F7A8B9C0D1E2 /* CAGEDShapesView.swift in Sources */ = {isa = PBXBuildFile; fileRef = C1A2B3D4E5F6A7B8C9D0E1F1 /* CAGEDShapesView.swift */; };
		F48CA84B82C340008FE1D8AF /* PracticeScore.swift in Sources */ = {isa = PBXBuildFile; fileRef = 9AF463D8B36E4C26920E4B1A /* PracticeScore.swift */; };
		FC7F4528060AFDBA43E1A411 /* SingleNoteListeningView.swift in Sources */ = {isa = PBXBuildFile; fileRef = 0BA723F9D87160EE3751AC98 /* SingleNoteListeningView.swift */; };
		FCEA3FB254BF9D04BC0C5E0D /* ExerciseDetailView.swift in Sources */ = {isa = PBXBuildFile; fileRef = FF045E71746A6A01BDDFA465 /* ExerciseDetailView.swift */; };
		FE37C355FD16F3624509CC58 /* Assets.xcassets in Resources */ = {isa = PBXBuildFile; fileRef = 5C74E639898EA234B0BDF206 /* Assets.xcassets */; };
		FFD1B330E67ED5BE0495B146 /* StaffNotationView.swift in Sources */ = {isa = PBXBuildFile; fileRef = AA3BE023D84A72ED98E30509 /* StaffNotationView.swift */; };
/* End PBXBuildFile section */

/* Begin PBXContainerItemProxy section */
		A50FA53467B0BEEF5A7D7727 /* PBXContainerItemProxy */ = {
			isa = PBXContainerItemProxy;
			containerPortal = 72048ED5947E58F2C4608C4C /* Project object */;
			proxyType = 1;
			remoteGlobalIDString = C60380853403D991AC8EDC35;
			remoteInfo = SightSingingApp;
		};
/* End PBXContainerItemProxy section */

/* Begin PBXFileReference section */
		03D3405191884ACAA1C1A4EE /* ThemeAtmosphere.swift */ = {isa = PBXFileReference; lastKnownFileType = sourcecode.swift; path = ThemeCore/ThemeAtmosphere.swift; sourceTree = "<group>"; };
		049CD77A308C2EDA6BDEA517 /* AppLogger.swift */ = {isa = PBXFileReference; lastKnownFileType = sourcecode.swift; path = AppLogger.swift; sourceTree = "<group>"; };
		04EDF272F2F72B0A720246A6 /* SightSingingViewModel.swift */ = {isa = PBXFileReference; lastKnownFileType = sourcecode.swift; path = SightSingingViewModel.swift; sourceTree = "<group>"; };
		05BC2207F89228789EFB8BB5 /* PracticeViewModel.swift */ = {isa = PBXFileReference; lastKnownFileType = sourcecode.swift; path = PracticeViewModel.swift; sourceTree = "<group>"; };
		0A9BE4CBE9F17A18BD015D84 /* RecommendationEngine.swift */ = {isa = PBXFileReference; lastKnownFileType = sourcecode.swift; path = RecommendationEngine.swift; sourceTree = "<group>"; };
		0B93E2FD9903FEE1810B4F2E /* MusicTheory.swift */ = {isa = PBXFileReference; lastKnownFileType = sourcecode.swift; path = MusicTheory.swift; sourceTree = "<group>"; };
		0BA723F9D87160EE3751AC98 /* SingleNoteListeningView.swift */ = {isa = PBXFileReference; lastKnownFileType = sourcecode.swift; path = SingleNoteListeningView.swift; sourceTree = "<group>"; };
		0C0690914CBF468390A4E3DF /* RhythmRuntime.swift */ = {isa = PBXFileReference; lastKnownFileType = sourcecode.swift; path = RhythmCore/RhythmRuntime.swift; sourceTree = "<group>"; };
		0D1EBF5F63C420F3C85EA157 /* ChordProgressionEngine.swift */ = {isa = PBXFileReference; includeInIndex = 1; lastKnownFileType = sourcecode.swift; path = ChordProgressionEngine.swift; sourceTree = "<group>"; };
		13CCE7BBD4A2E2093EB1BC83 /* HarmonyGraphics.swift */ = {isa = PBXFileReference; includeInIndex = 1; lastKnownFileType = sourcecode.swift; path = HarmonyGraphics.swift; sourceTree = "<group>"; };
		17B58E8437F0C416CCC9FC60 /* SixteenthRhythmPracticeView.swift */ = {isa = PBXFileReference; includeInIndex = 1; lastKnownFileType = sourcecode.swift; path = SixteenthRhythmPracticeView.swift; sourceTree = "<group>"; };
		181A9B0FCB394847829A1A11 /* TheoryDetailContent.swift */ = {isa = PBXFileReference; lastKnownFileType = sourcecode.swift; path = TheoryDetailContent.swift; sourceTree = "<group>"; };
		181AC47735BD08C333391D0A /* ExerciseContainerView.swift */ = {isa = PBXFileReference; includeInIndex = 1; lastKnownFileType = sourcecode.swift; path = ExerciseContainerView.swift; sourceTree = "<group>"; };
		215B7141876BC5E0EF6FB2D4 /* MusicNoteSymbol.swift */ = {isa = PBXFileReference; lastKnownFileType = sourcecode.swift; path = MusicNoteSymbol.swift; sourceTree = "<group>"; };
		259AE7447E570D2EDAA052CE /* RootNoteListeningView.swift */ = {isa = PBXFileReference; lastKnownFileType = sourcecode.swift; path = RootNoteListeningView.swift; sourceTree = "<group>"; };
		261DC55094851555851B7D28 /* PitchDetector.swift */ = {isa = PBXFileReference; lastKnownFileType = sourcecode.swift; path = PitchDetector.swift; sourceTree = "<group>"; };
		26328DB802F441F7BA360B28 /* RhythmPracticeView.swift */ = {isa = PBXFileReference; includeInIndex = 1; lastKnownFileType = sourcecode.swift; path = RhythmPracticeView.swift; sourceTree = "<group>"; };
		27C1CCAE6A2F831E379A970C /* AudioEngine.swift */ = {isa = PBXFileReference; lastKnownFileType = sourcecode.swift; path = AudioCore/AudioEngine.swift; sourceTree = "<group>"; };
		2C0D0EB41C0223396CDACDE6 /* TestEngine.swift */ = {isa = PBXFileReference; lastKnownFileType = sourcecode.swift; path = TestEngine.swift; sourceTree = "<group>"; };
		3092C30EE32CDD092F5A5700 /* SightSingingView.swift */ = {isa = PBXFileReference; lastKnownFileType = sourcecode.swift; path = SightSingingView.swift; sourceTree = "<group>"; };
		319F086C6C64D0805C0276BE /* TestEngineTests.swift */ = {isa = PBXFileReference; lastKnownFileType = sourcecode.swift; path = TestEngineTests.swift; sourceTree = "<group>"; };
		3625C6E5C1D3734074879496 /* ModuleDetailView.swift */ = {isa = PBXFileReference; lastKnownFileType = sourcecode.swift; path = ModuleDetailView.swift; sourceTree = "<group>"; };
		3F03FF10A76E950C3E7E52B2 /* ExerciseModule.swift */ = {isa = PBXFileReference; lastKnownFileType = sourcecode.swift; path = ExerciseModule.swift; sourceTree = "<group>"; };
		3F83E4A98F279D7162C19BD2 /* ModuleCard.swift */ = {isa = PBXFileReference; lastKnownFileType = sourcecode.swift; path = ModuleCard.swift; sourceTree = "<group>"; };
		406D0F83B4C7A3E47AC8657B /* SightSingingApp.app */ = {isa = PBXFileReference; explicitFileType = wrapper.application; includeInIndex = 0; path = SightSingingApp.app; sourceTree = BUILT_PRODUCTS_DIR; };
		441FFD531C75180F398FA453 /* TheoryTopic.swift */ = {isa = PBXFileReference; lastKnownFileType = sourcecode.swift; path = TheoryTopic.swift; sourceTree = "<group>"; };
		44327F8C01BE33003F2AD880 /* TheoryViewModel.swift */ = {isa = PBXFileReference; lastKnownFileType = sourcecode.swift; path = TheoryViewModel.swift; sourceTree = "<group>"; };
		44EF59FACB6B74712F2D261D /* SightSingingApp.swift */ = {isa = PBXFileReference; lastKnownFileType = sourcecode.swift; path = SightSingingApp.swift; sourceTree = "<group>"; };
		486D52842A974C64AA845606 /* MasterMusicClock.swift */ = {isa = PBXFileReference; lastKnownFileType = sourcecode.swift; path = PlaybackCore/MasterMusicClock.swift; sourceTree = "<group>"; };
		4A4AAC8FC3A3C6A25CD962D3 /* ChordData.swift */ = {isa = PBXFileReference; includeInIndex = 1; lastKnownFileType = sourcecode.swift; name = ChordData.swift; path = ChordData.swift; sourceTree = "<group>"; };
		4B8CDBBB9FEDC767D8C2ABBE /* ChordFingeringSolver.swift */ = {isa = PBXFileReference; includeInIndex = 1; lastKnownFileType = sourcecode.swift; path = ChordFingeringSolver.swift; sourceTree = "<group>"; };
		516FBA6A201B490786BC6706 /* TheoryTapAudio.swift */ = {isa = PBXFileReference; lastKnownFileType = sourcecode.swift; path = TheoryTapAudio.swift; sourceTree = "<group>"; };
		5718CA3B9970A36EA3D28588 /* SixteenthRhythmPattern.swift */ = {isa = PBXFileReference; includeInIndex = 1; lastKnownFileType = sourcecode.swift; name = SixteenthRhythmPattern.swift; path = RhythmCore/SixteenthRhythmPattern.swift; sourceTree = "<group>"; };
		5816B263FFF1327A242A0150 /* Info.plist */ = {isa = PBXFileReference; lastKnownFileType = text.plist; path = Info.plist; sourceTree = "<group>"; };
		594EEDCA1634DDC6D0FAEF2F /* PianoKeyboardView.swift */ = {isa = PBXFileReference; lastKnownFileType = sourcecode.swift; path = PianoKeyboardView.swift; sourceTree = "<group>"; };
		5C74E639898EA234B0BDF206 /* Assets.xcassets */ = {isa = PBXFileReference; lastKnownFileType = folder.assetcatalog; name = Assets.xcassets; path = SightSingingApp/Resources/Assets.xcassets; sourceTree = SOURCE_ROOT; };
		5D7815A5A73C4E44A4F87953 /* MotionModifiers.swift */ = {isa = PBXFileReference; lastKnownFileType = sourcecode.swift; path = MotionCore/MotionModifiers.swift; sourceTree = "<group>"; };
		5E6D287AC90F42F33BEDF68A /* PracticeTab.swift */ = {isa = PBXFileReference; includeInIndex = 1; lastKnownFileType = sourcecode.swift; path = PracticeTab.swift; sourceTree = "<group>"; };
		601790FC8AAC3DEC81863517 /* ExerciseType.swift */ = {isa = PBXFileReference; lastKnownFileType = sourcecode.swift; path = ExerciseType.swift; sourceTree = "<group>"; };
		61420682FC644D1B916657E1 /* ExperienceEngine.swift */ = {isa = PBXFileReference; lastKnownFileType = sourcecode.swift; path = ExperienceCore/ExperienceEngine.swift; sourceTree = "<group>"; };
		6169AE7E43F118774DB6535F /* TheoryPracticeMapper.swift */ = {isa = PBXFileReference; lastKnownFileType = sourcecode.swift; path = TheoryPracticeMapper.swift; sourceTree = "<group>"; };
		6A9A6DE7F12549FFADC76A99 /* TheoryProgress.swift */ = {isa = PBXFileReference; lastKnownFileType = sourcecode.swift; path = TheoryProgress.swift; sourceTree = "<group>"; };
		6C1F38696F0F2E9CC8124984 /* Info.plist */ = {isa = PBXFileReference; lastKnownFileType = text.plist; path = Info.plist; sourceTree = "<group>"; };
		6E0148CC8B0113DCFA7044A4 /* SolfegeView.swift */ = {isa = PBXFileReference; lastKnownFileType = sourcecode.swift; path = SolfegeView.swift; sourceTree = "<group>"; };
		70F3981E49AC51E5E81ACDDD /* FretboardPoint.swift */ = {isa = PBXFileReference; includeInIndex = 1; lastKnownFileType = sourcecode.swift; path = FretboardPoint.swift; sourceTree = "<group>"; };
		76D7C724F714E1B7C161F690 /* NotationType.swift */ = {isa = PBXFileReference; lastKnownFileType = sourcecode.swift; path = NotationType.swift; sourceTree = "<group>"; };
		8025FF101825CA9830B6C653 /* TheoryPracticeMapperTests.swift */ = {isa = PBXFileReference; lastKnownFileType = sourcecode.swift; path = TheoryPracticeMapperTests.swift; sourceTree = "<group>"; };
		87642F55052640ADAA07DB60 /* ChordBrowserView.swift */ = {isa = PBXFileReference; includeInIndex = 1; lastKnownFileType = sourcecode.swift; name = ChordBrowserView.swift; path = ChordBrowserView.swift; sourceTree = "<group>"; };
		9102C416F7914C0BA51FDE3D /* RhythmPattern.swift */ = {isa = PBXFileReference; lastKnownFileType = sourcecode.swift; path = RhythmCore/RhythmPattern.swift; sourceTree = "<group>"; };
		963FE412C2BA09770E554DD4 /* PitchMeterView.swift */ = {isa = PBXFileReference; lastKnownFileType = sourcecode.swift; path = PitchMeterView.swift; sourceTree = "<group>"; };
		9AF463D8B36E4C26920E4B1A /* PracticeScore.swift */ = {isa = PBXFileReference; lastKnownFileType = sourcecode.swift; path = PracticeCore/PracticeScore.swift; sourceTree = "<group>"; };
		9D70A42CB83C67D7719433C2 /* PracticeRecord.swift */ = {isa = PBXFileReference; lastKnownFileType = sourcecode.swift; path = PracticeRecord.swift; sourceTree = "<group>"; };
		9E9D52E8CCBCD5B65636F68E /* ProfileViewModel.swift */ = {isa = PBXFileReference; lastKnownFileType = sourcecode.swift; path = ProfileViewModel.swift; sourceTree = "<group>"; };
		9F3336A1E0E5029FCCFCCDDD /* AppModels.swift */ = {isa = PBXFileReference; includeInIndex = 1; lastKnownFileType = sourcecode.swift; path = AppModels.swift; sourceTree = "<group>"; };
		A1B2C3D40001000100010002 /* PracticeCategoryPage.swift */ = {isa = PBXFileReference; lastKnownFileType = sourcecode.swift; path = PracticeCategoryPage.swift; sourceTree = "<group>"; };
		A1B2C3D40001000100010004 /* ExerciseLevelsPage.swift */ = {isa = PBXFileReference; lastKnownFileType = sourcecode.swift; path = ExerciseLevelsPage.swift; sourceTree = "<group>"; };
		A1B2C3D40001000100010005 /* TimbreSettings.swift */ = {isa = PBXFileReference; includeInIndex = 1; lastKnownFileType = sourcecode.swift; path = TimbreSettings.swift; sourceTree = "<group>"; };
		A1B2C3D4E5F6000100010001 /* ExerciseSoundPlayer.swift */ = {isa = PBXFileReference; lastKnownFileType = sourcecode.swift; path = ExerciseSoundPlayer.swift; sourceTree = "<group>"; };
		A3DE4A370F6300914E4059D5 /* MusicTheoryTests.swift */ = {isa = PBXFileReference; lastKnownFileType = sourcecode.swift; path = MusicTheoryTests.swift; sourceTree = "<group>"; };
		A76BD6724A47D565B80AC285 /* TestHistory.swift */ = {isa = PBXFileReference; lastKnownFileType = sourcecode.swift; path = TestHistory.swift; sourceTree = "<group>"; };
		A822BE26318C6E0B54ECE17E /* RhythmLibraryView.swift */ = {isa = PBXFileReference; includeInIndex = 1; lastKnownFileType = sourcecode.swift; name = RhythmLibraryView.swift; path = RhythmLibraryView.swift; sourceTree = "<group>"; };
		A998B391AF01140BE2695ED1 /* ProgressionAnalyzerView.swift */ = {isa = PBXFileReference; includeInIndex = 1; lastKnownFileType = sourcecode.swift; name = ProgressionAnalyzerView.swift; path = ProgressionAnalyzerView.swift; sourceTree = "<group>"; };
		A9F7D90BF97ADBF2FCF2D6F8 /* SpecialTheoryViews.swift */ = {isa = PBXFileReference; includeInIndex = 1; lastKnownFileType = sourcecode.swift; path = SpecialTheoryViews.swift; sourceTree = "<group>"; };
		AA3BE023D84A72ED98E30509 /* StaffNotationView.swift */ = {isa = PBXFileReference; lastKnownFileType = sourcecode.swift; path = StaffNotationView.swift; sourceTree = "<group>"; };
		AB598DB81C5E521DA7B4DABC /* QuestionBank.swift */ = {isa = PBXFileReference; lastKnownFileType = sourcecode.swift; path = QuestionBank.swift; sourceTree = "<group>"; };
		AC2823AD3F6D03F3C1B8DA66 /* ChordIdentity.swift */ = {isa = PBXFileReference; includeInIndex = 1; lastKnownFileType = sourcecode.swift; path = ChordIdentity.swift; sourceTree = "<group>"; };
		B02061651B294B6F9C2CFDC8 /* PracticeSession.swift */ = {isa = PBXFileReference; lastKnownFileType = sourcecode.swift; path = PracticeCore/PracticeSession.swift; sourceTree = "<group>"; };
		B06B057AE91241ECB9C1AB77 /* TheoryGraphics.swift */ = {isa = PBXFileReference; lastKnownFileType = sourcecode.swift; path = TheoryGraphics.swift; sourceTree = "<group>"; };
		B1C2D3E40002000200020002 /* ExerciseLayout.swift */ = {isa = PBXFileReference; lastKnownFileType = sourcecode.swift; path = ExerciseLayout.swift; sourceTree = "<group>"; };
		B1C2D3E40002000200020004 /* MusicKeyboard.swift */ = {isa = PBXFileReference; lastKnownFileType = sourcecode.swift; path = MusicKeyboard.swift; sourceTree = "<group>"; };
		B20D156B191341469E806772 /* ExperienceActions.swift */ = {isa = PBXFileReference; lastKnownFileType = sourcecode.swift; path = ExperienceCore/ExperienceActions.swift; sourceTree = "<group>"; };
		B30C42A8EA395AF378E812C6 /* ProfileTab.swift */ = {isa = PBXFileReference; includeInIndex = 1; lastKnownFileType = sourcecode.swift; path = ProfileTab.swift; sourceTree = "<group>"; };
		B36388BDCE24BCA0FE243B7A /* TestResult.swift */ = {isa = PBXFileReference; lastKnownFileType = sourcecode.swift; path = TestResult.swift; sourceTree = "<group>"; };
		B3EE67C78A353FF5D5C0DFA2 /* Configuration.swift */ = {isa = PBXFileReference; lastKnownFileType = sourcecode.swift; path = Configuration.swift; sourceTree = "<group>"; };
		B687B7E5F44A8733579A6E0E /* NotationSwitcher.swift */ = {isa = PBXFileReference; lastKnownFileType = sourcecode.swift; path = NotationSwitcher.swift; sourceTree = "<group>"; };
		B80F3166F42B40BC944C62DE /* PlaybackState.swift */ = {isa = PBXFileReference; lastKnownFileType = sourcecode.swift; path = PlaybackCore/PlaybackState.swift; sourceTree = "<group>"; };
		BA5003DAEEE44FE18919E1FC /* TestTab.swift */ = {isa = PBXFileReference; includeInIndex = 1; lastKnownFileType = sourcecode.swift; path = TestTab.swift; sourceTree = "<group>"; };
		BA9065E983AF8D09BF8BDE5F /* TestViewModel.swift */ = {isa = PBXFileReference; lastKnownFileType = sourcecode.swift; path = TestViewModel.swift; sourceTree = "<group>"; };
		BA907455E32AF2BB2C5E1DA2 /* ScoreResultView.swift */ = {isa = PBXFileReference; lastKnownFileType = sourcecode.swift; path = ScoreResultView.swift; sourceTree = "<group>"; };
		BF19042376CF4FB839E60BD9 /* ScaleEngine.swift */ = {isa = PBXFileReference; includeInIndex = 1; lastKnownFileType = sourcecode.swift; path = ScaleEngine.swift; sourceTree = "<group>"; };
		C1A2B3D4E5F6A7B8C9D0E1F1 /* CAGEDShapesView.swift */ = {isa = PBXFileReference; lastKnownFileType = sourcecode.swift; path = CAGEDShapesView.swift; sourceTree = "<group>"; };
		C2E5D95C4942C09A8D311BCB /* TestQuestion.swift */ = {isa = PBXFileReference; lastKnownFileType = sourcecode.swift; path = TestQuestion.swift; sourceTree = "<group>"; };
		C8141F069778193BFD07DCAE /* RhythmPatternPracticeView.swift */ = {isa = PBXFileReference; includeInIndex = 1; lastKnownFileType = sourcecode.swift; path = RhythmPatternPracticeView.swift; sourceTree = "<group>"; };
		CB0EE0F4D5E34900B213C986 /* PlaybackStore.swift */ = {isa = PBXFileReference; lastKnownFileType = sourcecode.swift; path = PlaybackCore/PlaybackStore.swift; sourceTree = "<group>"; };
		CC818E145CDF499689DC279F /* MotionTokens.swift */ = {isa = PBXFileReference; lastKnownFileType = sourcecode.swift; path = MotionCore/MotionTokens.swift; sourceTree = "<group>"; };
		CFDBEF644DD54AF49DED53F2 /* HapticEngine.swift */ = {isa = PBXFileReference; lastKnownFileType = sourcecode.swift; path = HapticCore/HapticEngine.swift; sourceTree = "<group>"; };
		D08E20C1C6A0A3E9A1DF772E /* TheoryCurriculumDetailData.swift */ = {isa = PBXFileReference; includeInIndex = 1; lastKnownFileType = sourcecode.swift; path = TheoryCurriculumDetailData.swift; sourceTree = "<group>"; };
		D43A03F556DC80288C9DA37A /* TestConfigurationTests.swift */ = {isa = PBXFileReference; lastKnownFileType = sourcecode.swift; path = TestConfigurationTests.swift; sourceTree = "<group>"; };
		D5B86F3AE1CE6A63F1625AA5 /* ContentView.swift */ = {isa = PBXFileReference; lastKnownFileType = sourcecode.swift; path = ContentView.swift; sourceTree = "<group>"; };
		D6D950CE790C5A1604DFB9F3 /* GuitarTabView.swift */ = {isa = PBXFileReference; lastKnownFileType = sourcecode.swift; path = GuitarTabView.swift; sourceTree = "<group>"; };
		D81F937A8A46BC53602A14D2 /* NotationDisplayView.swift */ = {isa = PBXFileReference; lastKnownFileType = sourcecode.swift; path = NotationDisplayView.swift; sourceTree = "<group>"; };
		DA76AA508226C631B939F0E9 /* ModeExplorerView.swift */ = {isa = PBXFileReference; includeInIndex = 1; lastKnownFileType = sourcecode.swift; name = ModeExplorerView.swift; path = ModeExplorerView.swift; sourceTree = "<group>"; };
		DBE913440F6842978D984C5E /* PlaybackEngine.swift */ = {isa = PBXFileReference; lastKnownFileType = sourcecode.swift; path = PlaybackCore/PlaybackEngine.swift; sourceTree = "<group>"; };
		DD8B4B3FA9716AF3F5F7B76A /* ColorTheme.swift */ = {isa = PBXFileReference; lastKnownFileType = sourcecode.swift; path = ColorTheme.swift; sourceTree = "<group>"; };
		DF46E4511E3AA40579F6B40F /* SightSingingResultView.swift */ = {isa = PBXFileReference; lastKnownFileType = sourcecode.swift; path = SightSingingResultView.swift; sourceTree = "<group>"; };
		E8097D737617F4F5D82FD658 /* RecommendationEngineTests.swift */ = {isa = PBXFileReference; lastKnownFileType = sourcecode.swift; path = RecommendationEngineTests.swift; sourceTree = "<group>"; };
		EA7F60C80EB0CBD4C4A0E8B3 /* TheoryTab.swift */ = {isa = PBXFileReference; includeInIndex = 1; lastKnownFileType = sourcecode.swift; path = TheoryTab.swift; sourceTree = "<group>"; };
		F17375B0287C4B09B503ABB4 /* RhythmEngine.swift */ = {isa = PBXFileReference; lastKnownFileType = sourcecode.swift; path = RhythmCore/RhythmEngine.swift; sourceTree = "<group>"; };
		F2E0413F87AFB27C0E2F8505 /* MelodyNote.swift */ = {isa = PBXFileReference; lastKnownFileType = sourcecode.swift; path = MelodyNote.swift; sourceTree = "<group>"; };
		F4460199189C984B389F37A3 /* SixteenthRhythmPatternPracticeView.swift */ = {isa = PBXFileReference; includeInIndex = 1; lastKnownFileType = sourcecode.swift; path = SixteenthRhythmPatternPracticeView.swift; sourceTree = "<group>"; };
		F52018B429CCB1DE305FF392 /* AppTheme.swift */ = {isa = PBXFileReference; includeInIndex = 1; lastKnownFileType = sourcecode.swift; path = AppTheme.swift; sourceTree = "<group>"; };
		F628C61320497D17D65DB8A1 /* SightSingingAppTests.xctest */ = {isa = PBXFileReference; includeInIndex = 0; lastKnownFileType = wrapper.cfbundle; path = SightSingingAppTests.xctest; sourceTree = BUILT_PRODUCTS_DIR; };
		FBFEA9F796E057A2655E130B /* PitchDetectorConfigurationTests.swift */ = {isa = PBXFileReference; lastKnownFileType = sourcecode.swift; path = PitchDetectorConfigurationTests.swift; sourceTree = "<group>"; };
		FF045E71746A6A01BDDFA465 /* ExerciseDetailView.swift */ = {isa = PBXFileReference; lastKnownFileType = sourcecode.swift; path = ExerciseDetailView.swift; sourceTree = "<group>"; };
		FFFC1DDB7E73DAD016DB1E92 /* FretboardModel.swift */ = {isa = PBXFileReference; includeInIndex = 1; lastKnownFileType = sourcecode.swift; path = FretboardModel.swift; sourceTree = "<group>"; };
/* End PBXFileReference section */

/* Begin PBXGroup section */
		011485ED5E9C10124A237275 /* Practice */ = {
			isa = PBXGroup;
			children = (
				FF045E71746A6A01BDDFA465 /* ExerciseDetailView.swift */,
				3625C6E5C1D3734074879496 /* ModuleDetailView.swift */,
				259AE7447E570D2EDAA052CE /* RootNoteListeningView.swift */,
				BA907455E32AF2BB2C5E1DA2 /* ScoreResultView.swift */,
				DF46E4511E3AA40579F6B40F /* SightSingingResultView.swift */,
				3092C30EE32CDD092F5A5700 /* SightSingingView.swift */,
				0BA723F9D87160EE3751AC98 /* SingleNoteListeningView.swift */,
				A1B2C3D40001000100010002 /* PracticeCategoryPage.swift */,
				A1B2C3D40001000100010004 /* ExerciseLevelsPage.swift */,
				C6D60385B8C13C214AB44503 /* Components */,
				181AC47735BD08C333391D0A /* ExerciseContainerView.swift */,
				26328DB802F441F7BA360B28 /* RhythmPracticeView.swift */,
				C8141F069778193BFD07DCAE /* RhythmPatternPracticeView.swift */,
				17B58E8437F0C416CCC9FC60 /* SixteenthRhythmPracticeView.swift */,
				F4460199189C984B389F37A3 /* SixteenthRhythmPatternPracticeView.swift */,
			);
			path = Practice;
			sourceTree = "<group>";
		};
		039B0B491C6EDAB5591B3F8B /* User */ = {
			isa = PBXGroup;
			children = (
				9D70A42CB83C67D7719433C2 /* PracticeRecord.swift */,
				A76BD6724A47D565B80AC285 /* TestHistory.swift */,
			);
			path = User;
			sourceTree = "<group>";
		};
		12784CC302FC982FA584107C /* Services */ = {
			isa = PBXGroup;
			children = (
				A3DE4A370F6300914E4059D5 /* MusicTheoryTests.swift */,
				FBFEA9F796E057A2655E130B /* PitchDetectorConfigurationTests.swift */,
				E8097D737617F4F5D82FD658 /* RecommendationEngineTests.swift */,
				D43A03F556DC80288C9DA37A /* TestConfigurationTests.swift */,
				319F086C6C64D0805C0276BE /* TestEngineTests.swift */,
			);
			path = Services;
			sourceTree = "<group>";
		};
		3532F7D231D37F8A5D86EDDF /* Utilities */ = {
			isa = PBXGroup;
			children = (
				049CD77A308C2EDA6BDEA517 /* AppLogger.swift */,
				DD8B4B3FA9716AF3F5F7B76A /* ColorTheme.swift */,
				B3EE67C78A353FF5D5C0DFA2 /* Configuration.swift */,
				0B93E2FD9903FEE1810B4F2E /* MusicTheory.swift */,
				F52018B429CCB1DE305FF392 /* AppTheme.swift */,
			);
			path = Utilities;
			sourceTree = "<group>";
		};
		3E2634A90A491C0F0282FFA0 /* Products */ = {
			isa = PBXGroup;
			children = (
				406D0F83B4C7A3E47AC8657B /* SightSingingApp.app */,
				F628C61320497D17D65DB8A1 /* SightSingingAppTests.xctest */,
			);
			name = Products;
			sourceTree = "<group>";
		};
		3EA20ECD8A31F5DC54787E53 /* Theory */ = {
			isa = PBXGroup;
			children = (
				C1A2B3D4E5F6A7B8C9D0E1F1 /* CAGEDShapesView.swift */,
				215B7141876BC5E0EF6FB2D4 /* MusicNoteSymbol.swift */,
				516FBA6A201B490786BC6706 /* TheoryTapAudio.swift */,
				6A9A6DE7F12549FFADC76A99 /* TheoryProgress.swift */,
				B06B057AE91241ECB9C1AB77 /* TheoryGraphics.swift */,
				A9F7D90BF97ADBF2FCF2D6F8 /* SpecialTheoryViews.swift */,
				13CCE7BBD4A2E2093EB1BC83 /* HarmonyGraphics.swift */,
				87642F55052640ADAA07DB60 /* ChordBrowserView.swift */,
				DA76AA508226C631B939F0E9 /* ModeExplorerView.swift */,
				A998B391AF01140BE2695ED1 /* ProgressionAnalyzerView.swift */,
				A822BE26318C6E0B54ECE17E /* RhythmLibraryView.swift */,
			);
			path = Theory;
			sourceTree = "<group>";
		};
		47894CCAD4F73BD80FFDA7CC /* Tabs */ = {
			isa = PBXGroup;
			children = (
				5E6D287AC90F42F33BEDF68A /* PracticeTab.swift */,
				EA7F60C80EB0CBD4C4A0E8B3 /* TheoryTab.swift */,
				BA5003DAEEE44FE18919E1FC /* TestTab.swift */,
				B30C42A8EA395AF378E812C6 /* ProfileTab.swift */,
			);
			path = Tabs;
			sourceTree = "<group>";
		};
		4C957E820B4900603E3CCAA2 = {
			isa = PBXGroup;
			children = (
				5C74E639898EA234B0BDF206 /* Assets.xcassets */,
				7BFCBCD227701992B09653E3 /* SightSingingApp */,
				5236DB697E490F9511D3D831 /* SightSingingAppTests */,
				3E2634A90A491C0F0282FFA0 /* Products */,
			);
			sourceTree = "<group>";
		};
		4D2137E3BDB09821CAA3E931 /* Course */ = {
			isa = PBXGroup;
			children = (
			);
			path = Course;
			sourceTree = "<group>";
		};
		5236DB697E490F9511D3D831 /* SightSingingAppTests */ = {
			isa = PBXGroup;
			children = (
				5816B263FFF1327A242A0150 /* Info.plist */,
				8025FF101825CA9830B6C653 /* TheoryPracticeMapperTests.swift */,
				12784CC302FC982FA584107C /* Services */,
			);
			path = SightSingingAppTests;
			sourceTree = "<group>";
		};
		5E6081FA422DC06EFB312691 /* HarmonyCore */ = {
			isa = PBXGroup;
			children = (
				70F3981E49AC51E5E81ACDDD /* FretboardPoint.swift */,
				FFFC1DDB7E73DAD016DB1E92 /* FretboardModel.swift */,
				AC2823AD3F6D03F3C1B8DA66 /* ChordIdentity.swift */,
				4B8CDBBB9FEDC767D8C2ABBE /* ChordFingeringSolver.swift */,
				BF19042376CF4FB839E60BD9 /* ScaleEngine.swift */,
				0D1EBF5F63C420F3C85EA157 /* ChordProgressionEngine.swift */,
			);
			name = HarmonyCore;
			path = HarmonyCore;
			sourceTree = "<group>";
		};
		69AE561C639C59BEE6A07083 /* App */ = {
			isa = PBXGroup;
			children = (
				D5B86F3AE1CE6A63F1625AA5 /* ContentView.swift */,
				44EF59FACB6B74712F2D261D /* SightSingingApp.swift */,
			);
			path = App;
			sourceTree = "<group>";
		};
		6D0053E04A6C591D4BBB5B09 /* Components */ = {
			isa = PBXGroup;
			children = (
				3F83E4A98F279D7162C19BD2 /* ModuleCard.swift */,
			);
			path = Components;
			sourceTree = "<group>";
		};
		6D46F02CE2B5432C1DCBC317 /* Exercise */ = {
			isa = PBXGroup;
			children = (
				3F03FF10A76E950C3E7E52B2 /* ExerciseModule.swift */,
				601790FC8AAC3DEC81863517 /* ExerciseType.swift */,
				F2E0413F87AFB27C0E2F8505 /* MelodyNote.swift */,
				76D7C724F714E1B7C161F690 /* NotationType.swift */,
			);
			path = Exercise;
			sourceTree = "<group>";
		};
		6FD470112CDA20DAA50F8D1B /* Test */ = {
			isa = PBXGroup;
			children = (
				C2E5D95C4942C09A8D311BCB /* TestQuestion.swift */,
				B36388BDCE24BCA0FE243B7A /* TestResult.swift */,
			);
			path = Test;
			sourceTree = "<group>";
		};
		77258777886680D970F1ADDD /* Test */ = {
			isa = PBXGroup;
			children = (
			);
			path = Test;
			sourceTree = "<group>";
		};
		7BFCBCD227701992B09653E3 /* SightSingingApp */ = {
			isa = PBXGroup;
			children = (
				6C1F38696F0F2E9CC8124984 /* Info.plist */,
				69AE561C639C59BEE6A07083 /* App */,
				6D0053E04A6C591D4BBB5B09 /* Components */,
				CB362A5EF70E510D99ADEDEF /* Models */,
				7C0CB62DACF026D9F9F1E469 /* Resources */,
				82F4E42E8BF42E49F70987CE /* Services */,
				3532F7D231D37F8A5D86EDDF /* Utilities */,
				B96CECA143C77943957726A3 /* ViewModels */,
				C29F1558E45E8460A47BB5AD /* Views */,
				DB730EF1AB7645CD932CC252 /* Core */,
			);
			path = SightSingingApp;
			sourceTree = "<group>";
		};
		7C0CB62DACF026D9F9F1E469 /* Resources */ = {
			isa = PBXGroup;
			children = (
			);
			path = Resources;
			sourceTree = "<group>";
		};
		82F4E42E8BF42E49F70987CE /* Services */ = {
			isa = PBXGroup;
			children = (
				261DC55094851555851B7D28 /* PitchDetector.swift */,
				AB598DB81C5E521DA7B4DABC /* QuestionBank.swift */,
				0A9BE4CBE9F17A18BD015D84 /* RecommendationEngine.swift */,
				2C0D0EB41C0223396CDACDE6 /* TestEngine.swift */,
				A1B2C3D4E5F6000100010001 /* ExerciseSoundPlayer.swift */,
			);
			path = Services;
			sourceTree = "<group>";
		};
		B96CECA143C77943957726A3 /* ViewModels */ = {
			isa = PBXGroup;
			children = (
				05BC2207F89228789EFB8BB5 /* PracticeViewModel.swift */,
				9E9D52E8CCBCD5B65636F68E /* ProfileViewModel.swift */,
				04EDF272F2F72B0A720246A6 /* SightSingingViewModel.swift */,
				BA9065E983AF8D09BF8BDE5F /* TestViewModel.swift */,
				44327F8C01BE33003F2AD880 /* TheoryViewModel.swift */,
			);
			path = ViewModels;
			sourceTree = "<group>";
		};
		BE61BB5DE9102CA9CEA6B845 /* Course */ = {
			isa = PBXGroup;
			children = (
			);
			path = Course;
			sourceTree = "<group>";
		};
		C29F1558E45E8460A47BB5AD /* Views */ = {
			isa = PBXGroup;
			children = (
				4D2137E3BDB09821CAA3E931 /* Course */,
				011485ED5E9C10124A237275 /* Practice */,
				47894CCAD4F73BD80FFDA7CC /* Tabs */,
				77258777886680D970F1ADDD /* Test */,
				3EA20ECD8A31F5DC54787E53 /* Theory */,
			);
			path = Views;
			sourceTree = "<group>";
		};
		C6D60385B8C13C214AB44503 /* Components */ = {
			isa = PBXGroup;
			children = (
				B1C2D3E40002000200020002 /* ExerciseLayout.swift */,
				D6D950CE790C5A1604DFB9F3 /* GuitarTabView.swift */,
				B1C2D3E40002000200020004 /* MusicKeyboard.swift */,
				D81F937A8A46BC53602A14D2 /* NotationDisplayView.swift */,
				B687B7E5F44A8733579A6E0E /* NotationSwitcher.swift */,
				594EEDCA1634DDC6D0FAEF2F /* PianoKeyboardView.swift */,
				963FE412C2BA09770E554DD4 /* PitchMeterView.swift */,
				6E0148CC8B0113DCFA7044A4 /* SolfegeView.swift */,
				AA3BE023D84A72ED98E30509 /* StaffNotationView.swift */,
			);
			path = Components;
			sourceTree = "<group>";
		};
		CB362A5EF70E510D99ADEDEF /* Models */ = {
			isa = PBXGroup;
			children = (
				BE61BB5DE9102CA9CEA6B845 /* Course */,
				6D46F02CE2B5432C1DCBC317 /* Exercise */,
				6FD470112CDA20DAA50F8D1B /* Test */,
				CD317B852FE677C61219897D /* Theory */,
				039B0B491C6EDAB5591B3F8B /* User */,
				9F3336A1E0E5029FCCFCCDDD /* AppModels.swift */,
				A1B2C3D40001000100010005 /* TimbreSettings.swift */,
			);
			path = Models;
			sourceTree = "<group>";
		};
		CD317B852FE677C61219897D /* Theory */ = {
			isa = PBXGroup;
			children = (
				6169AE7E43F118774DB6535F /* TheoryPracticeMapper.swift */,
				441FFD531C75180F398FA453 /* TheoryTopic.swift */,
				181A9B0FCB394847829A1A11 /* TheoryDetailContent.swift */,
				D08E20C1C6A0A3E9A1DF772E /* TheoryCurriculumDetailData.swift */,
				4A4AAC8FC3A3C6A25CD962D3 /* ChordData.swift */,
			);
			path = Theory;
			sourceTree = "<group>";
		};
		DB730EF1AB7645CD932CC252 /* Core */ = {
			isa = PBXGroup;
			children = (
				27C1CCAE6A2F831E379A970C /* AudioEngine.swift */,
				03D3405191884ACAA1C1A4EE /* ThemeAtmosphere.swift */,
				B20D156B191341469E806772 /* ExperienceActions.swift */,
				61420682FC644D1B916657E1 /* ExperienceEngine.swift */,
				9AF463D8B36E4C26920E4B1A /* PracticeScore.swift */,
				B02061651B294B6F9C2CFDC8 /* PracticeSession.swift */,
				CFDBEF644DD54AF49DED53F2 /* HapticEngine.swift */,
				F17375B0287C4B09B503ABB4 /* RhythmEngine.swift */,
				9102C416F7914C0BA51FDE3D /* RhythmPattern.swift */,
				0C0690914CBF468390A4E3DF /* RhythmRuntime.swift */,
				5D7815A5A73C4E44A4F87953 /* MotionModifiers.swift */,
				CC818E145CDF499689DC279F /* MotionTokens.swift */,
				486D52842A974C64AA845606 /* MasterMusicClock.swift */,
				DBE913440F6842978D984C5E /* PlaybackEngine.swift */,
				B80F3166F42B40BC944C62DE /* PlaybackState.swift */,
				CB0EE0F4D5E34900B213C986 /* PlaybackStore.swift */,
				5718CA3B9970A36EA3D28588 /* SixteenthRhythmPattern.swift */,
				5E6081FA422DC06EFB312691 /* HarmonyCore */,
			);
			name = Core;
			path = Core;
			sourceTree = "<group>";
		};
/* End PBXGroup section */

/* Begin PBXNativeTarget section */
		2D92335A57E6DFD38061B1D3 /* SightSingingAppTests */ = {
			isa = PBXNativeTarget;
			buildConfigurationList = 06204E2C6B18B16EC799830B /* Build configuration list for PBXNativeTarget "SightSingingAppTests" */;
			buildPhases = (
				3458DB9D181401F20F149F01 /* Sources */,
			);
			buildRules = (
			);
			dependencies = (
				F47A1184B8C708DB995B06D0 /* PBXTargetDependency */,
			);
			name = SightSingingAppTests;
			productName = SightSingingAppTests;
			productReference = F628C61320497D17D65DB8A1 /* SightSingingAppTests.xctest */;
			productType = "com.apple.product-type.bundle.unit-test";
		};
		C60380853403D991AC8EDC35 /* SightSingingApp */ = {
			isa = PBXNativeTarget;
			buildConfigurationList = 0E4D8EA6C7DC66AB698EDD9B /* Build configuration list for PBXNativeTarget "SightSingingApp" */;
			buildPhases = (
				2F8668E4E2E0B7D40CA8E0EE /* Sources */,
				7B62E4B815630107FD8E637C /* Resources */,
			);
			buildRules = (
			);
			dependencies = (
			);
			name = SightSingingApp;
			productName = SightSingingApp;
			productReference = 406D0F83B4C7A3E47AC8657B /* SightSingingApp.app */;
			productType = "com.apple.product-type.application";
		};
/* End PBXNativeTarget section */

/* Begin PBXProject section */
		72048ED5947E58F2C4608C4C /* Project object */ = {
			isa = PBXProject;
			attributes = {
				BuildIndependentTargetsInParallel = YES;
				LastUpgradeCheck = 1500;
				TargetAttributes = {
					2D92335A57E6DFD38061B1D3 = {
						DevelopmentTeam = "";
						ProvisioningStyle = Automatic;
					};
					C60380853403D991AC8EDC35 = {
						ProvisioningStyle = Automatic;
					};
				};
			};
			buildConfigurationList = 86866E2E3D4DBC8252C9C8FA /* Build configuration list for PBXProject "SightSingingApp" */;
			developmentRegion = en;
			hasScannedForEncodings = 0;
			knownRegions = (
				Base,
				en,
			);
			mainGroup = 4C957E820B4900603E3CCAA2;
			minimizedProjectReferenceProxies = 1;
			preferredProjectObjectVersion = 77;
			productRefGroup = 3E2634A90A491C0F0282FFA0 /* Products */;
			projectDirPath = "";
			projectRoot = "";
			targets = (
				C60380853403D991AC8EDC35 /* SightSingingApp */,
				2D92335A57E6DFD38061B1D3 /* SightSingingAppTests */,
			);
		};
/* End PBXProject section */

/* Begin PBXResourcesBuildPhase section */
		7B62E4B815630107FD8E637C /* Resources */ = {
			isa = PBXResourcesBuildPhase;
			buildActionMask = 2147483647;
			files = (
				FE37C355FD16F3624509CC58 /* Assets.xcassets in Resources */,
			);
			runOnlyForDeploymentPostprocessing = 0;
		};
/* End PBXResourcesBuildPhase section */

/* Begin PBXSourcesBuildPhase section */
		2F8668E4E2E0B7D40CA8E0EE /* Sources */ = {
			isa = PBXSourcesBuildPhase;
			buildActionMask = 2147483647;
			files = (
				4019097616B44D0291250C13 /* TheoryTapAudio.swift in Sources */,
				C4437D48400A43C3911CFAFF /* TheoryProgress.swift in Sources */,
				A70E6908FA864185BA7657FF /* TheoryGraphics.swift in Sources */,
				E4C36AD0047A0369D511DF5E /* AppLogger.swift in Sources */,
				A1B2C3D4E5F6000100010002 /* ExerciseSoundPlayer.swift in Sources */,
				B881BA1B9230837CA249A329 /* AudioEngine.swift in Sources */,
				D70720469349B1E0ED50DF19 /* ColorTheme.swift in Sources */,
				7B13BA07A8B72ACF26D3FCDD /* Configuration.swift in Sources */,
				302BDA53CB83CB64EC661184 /* ContentView.swift in Sources */,
				FCEA3FB254BF9D04BC0C5E0D /* ExerciseDetailView.swift in Sources */,
				E4C4D21C9D8C0C86D4AAE630 /* ExerciseModule.swift in Sources */,
				45FD64D79FB02176AB83FF6C /* ExerciseType.swift in Sources */,
				8C5CCA9BA165E0B8B14408C8 /* GuitarTabView.swift in Sources */,
				7582E26C577B3FA42E4F5567 /* MelodyNote.swift in Sources */,
				7E62F658BB58ED2120480BB9 /* ModuleCard.swift in Sources */,
				951AF669B9F17A48992D37CB /* ModuleDetailView.swift in Sources */,
				4A6705231BAACF69EFAC5C73 /* MusicTheory.swift in Sources */,
				00E39602B932A851F2815A24 /* NotationDisplayView.swift in Sources */,
				69867AC2B20606A87D60B501 /* NotationSwitcher.swift in Sources */,
				C7B22881A7213F1C904E3A4C /* NotationType.swift in Sources */,
				324F096B55626D6E9438521A /* PianoKeyboardView.swift in Sources */,
				C8E94BD96F53D7CA4A15ED48 /* PitchDetector.swift in Sources */,
				0E74608B3FB9AF57FF2FE3EE /* PitchMeterView.swift in Sources */,
				98457F44018C48C222601C70 /* PracticeRecord.swift in Sources */,
				B575E2EF6B41C73F45877EAB /* PracticeViewModel.swift in Sources */,
				E488F1D31F4E0D31D1003C09 /* ProfileViewModel.swift in Sources */,
				3ECE7229782EAA78780A1E45 /* QuestionBank.swift in Sources */,
				D261179F5344CF64F3B65ED0 /* RecommendationEngine.swift in Sources */,
				485A1F2C3FF99EB159B928FC /* RootNoteListeningView.swift in Sources */,
				171359E664DCFE39CC27AFD6 /* ScoreResultView.swift in Sources */,
				AEDCCBDF5CF207615A7C25DA /* SightSingingApp.swift in Sources */,
				9F64F8944E91F76283B7DF26 /* SightSingingResultView.swift in Sources */,
				C26B52AC8F3C1B3190BAE732 /* SightSingingView.swift in Sources */,
				BA76018C3D10521BA176F91B /* SightSingingViewModel.swift in Sources */,
				FC7F4528060AFDBA43E1A411 /* SingleNoteListeningView.swift in Sources */,
				E7947959E15CB2C718D4C3F3 /* SolfegeView.swift in Sources */,
				FFD1B330E67ED5BE0495B146 /* StaffNotationView.swift in Sources */,
				3DB1E50FC4828EB8BB9F543A /* TestEngine.swift in Sources */,
				387430C704F4DFABC60E33FA /* TestHistory.swift in Sources */,
				2732479C34DDB36A6AA282D9 /* TestQuestion.swift in Sources */,
				DFD2AB34CA00A3CEEA980955 /* TestResult.swift in Sources */,
				373596F4C7EFA2A548ED089E /* TestViewModel.swift in Sources */,
				CE4A8FD277E718D254AE164B /* TheoryTopic.swift in Sources */,
				762D278C75D14F89861EB3B7 /* TheoryDetailContent.swift in Sources */,
				BE36E458AFDD395987EE50C6 /* TheoryViewModel.swift in Sources */,
				6F5506E24B71000BAF94A838 /* AppTheme.swift in Sources */,
				B90C1623B0FC921654549A1C /* AppModels.swift in Sources */,
				A1B2C3D40001000100010006 /* TimbreSettings.swift in Sources */,
				87B60CFA0881C2A605C52051 /* PracticeTab.swift in Sources */,
				F09AD69673DDDC4807A9A888 /* TheoryTab.swift in Sources */,
				436B5E1B10B156D5D2AD1E2F /* TestTab.swift in Sources */,
				10B6F321BB1AE1836B4E8C33 /* ProfileTab.swift in Sources */,
				27F0AA711598F245F76EC1B5 /* ExerciseContainerView.swift in Sources */,
				ED04FD22D673414FBBC5EF36 /* RhythmPracticeView.swift in Sources */,
				75EE51F27925A8CFE36204F4 /* SpecialTheoryViews.swift in Sources */,
				A1B2C3D40001000100010001 /* PracticeCategoryPage.swift in Sources */,
				A1B2C3D40001000100010003 /* ExerciseLevelsPage.swift in Sources */,
				B1C2D3E40002000200020001 /* ExerciseLayout.swift in Sources */,
				B1C2D3E40002000200020003 /* MusicKeyboard.swift in Sources */,
				2A2268086DF5937DC6F94ACA /* MusicNoteSymbol.swift in Sources */,
				40DD4B250065689C49E37C3B /* TheoryPracticeMapper.swift in Sources */,
				F1A2B3C4D5E6F7A8B9C0D1E2 /* CAGEDShapesView.swift in Sources */,
				2CF5FDF1D4E64F4A8E820F57 /* ThemeAtmosphere.swift in Sources */,
				867E145999B6412EB6438CA4 /* ExperienceActions.swift in Sources */,
				8850A5288733461996DCF984 /* ExperienceEngine.swift in Sources */,
				F48CA84B82C340008FE1D8AF /* PracticeScore.swift in Sources */,
				388F805D7ABF4AAC9770011C /* PracticeSession.swift in Sources */,
				1AEFE410937546AC80EB4440 /* HapticEngine.swift in Sources */,
				30D9D78F16CF418A9BC1148D /* RhythmEngine.swift in Sources */,
				52F25E705B5B4EBAB3A7A51A /* RhythmPattern.swift in Sources */,
				7759C9133A36499FBB7CFFF4 /* RhythmRuntime.swift in Sources */,
				664AFE58856447BC8DF9D0AA /* MotionModifiers.swift in Sources */,
				CF9C0BC9E09149BA86F62EB8 /* MotionTokens.swift in Sources */,
				EF35629CE2204ACAA831F6DC /* MasterMusicClock.swift in Sources */,
				5D9C223D85E946F49912E2A1 /* PlaybackEngine.swift in Sources */,
				69BA07231DED45A58C38BFB7 /* PlaybackState.swift in Sources */,
				97ACC62D2BCF4AA1BD1E5AD6 /* PlaybackStore.swift in Sources */,
				06297363093B515448F91314 /* SixteenthRhythmPattern.swift in Sources */,
				3C72E039FC2649EE105C6452 /* RhythmPatternPracticeView.swift in Sources */,
				0581234A921EC87990834716 /* SixteenthRhythmPracticeView.swift in Sources */,
				D7F9A36625178FEFB5BB6C86 /* SixteenthRhythmPatternPracticeView.swift in Sources */,
				C51B4BD1232EB7D9355C4FA9 /* TheoryCurriculumDetailData.swift in Sources */,
				BB730C74DB662597B10E3BBF /* FretboardPoint.swift in Sources */,
				51B87CC07CC9EA92238659B4 /* FretboardModel.swift in Sources */,
				6A7B3138D101489E2659D68A /* ChordIdentity.swift in Sources */,
				B5E99A0F189B5FDD4651A87E /* ChordFingeringSolver.swift in Sources */,
				29772A92B2D16B2EE15D8763 /* ScaleEngine.swift in Sources */,
				60133EBA117F4A4C5DBBEB16 /* ChordProgressionEngine.swift in Sources */,
				F011F9C2580653493F6AB7F6 /* HarmonyGraphics.swift in Sources */,
				CCEBFF86B214E0F8299A01AF /* ChordData.swift in Sources */,
				D7CF263D2FF64D797AC1A69D /* ChordBrowserView.swift in Sources */,
				286BC9C0C88E1D1BCC8CCF70 /* ModeExplorerView.swift in Sources */,
				0A337E3D33FFACA21FD9DAC8 /* ProgressionAnalyzerView.swift in Sources */,
				F12F71526DD1DBF6628579C0 /* RhythmLibraryView.swift in Sources */,
			);
			runOnlyForDeploymentPostprocessing = 0;
		};
		3458DB9D181401F20F149F01 /* Sources */ = {
			isa = PBXSourcesBuildPhase;
			buildActionMask = 2147483647;
			files = (
				243E31F0274BB67A9AA84340 /* MusicTheoryTests.swift in Sources */,
				8831626FAFA24CC748782C0E /* PitchDetectorConfigurationTests.swift in Sources */,
				41ABE9990EAB3D31FB5B8688 /* RecommendationEngineTests.swift in Sources */,
				0C9B0C9E8D7947AA830C8647 /* TestConfigurationTests.swift in Sources */,
				88F4AB67BA0B68503891A75E /* TestEngineTests.swift in Sources */,
				41B4627B874CF9B9DC9B2C06 /* TheoryPracticeMapperTests.swift in Sources */,
			);
			runOnlyForDeploymentPostprocessing = 0;
		};
/* End PBXSourcesBuildPhase section */

/* Begin PBXTargetDependency section */
		F47A1184B8C708DB995B06D0 /* PBXTargetDependency */ = {
			isa = PBXTargetDependency;
			target = C60380853403D991AC8EDC35 /* SightSingingApp */;
			targetProxy = A50FA53467B0BEEF5A7D7727 /* PBXContainerItemProxy */;
		};
/* End PBXTargetDependency section */

/* Begin XCBuildConfiguration section */
		5B6E89477F4F45E87A84FF9C /* Release */ = {
			isa = XCBuildConfiguration;
			buildSettings = {
				ALWAYS_SEARCH_USER_PATHS = NO;
				CLANG_ANALYZER_NONNULL = YES;
				CLANG_ANALYZER_NUMBER_OBJECT_CONVERSION = YES_AGGRESSIVE;
				CLANG_CXX_LANGUAGE_STANDARD = "gnu++14";
				CLANG_CXX_LIBRARY = "libc++";
				CLANG_ENABLE_MODULES = YES;
				CLANG_ENABLE_OBJC_ARC = YES;
				CLANG_ENABLE_OBJC_WEAK = YES;
				CLANG_WARN_BLOCK_CAPTURE_AUTORELEASING = YES;
				CLANG_WARN_BOOL_CONVERSION = YES;
				CLANG_WARN_COMMA = YES;
				CLANG_WARN_CONSTANT_CONVERSION = YES;
				CLANG_WARN_DEPRECATED_OBJC_IMPLEMENTATIONS = YES;
				CLANG_WARN_DIRECT_OBJC_ISA_USAGE = YES_ERROR;
				CLANG_WARN_DOCUMENTATION_COMMENTS = YES;
				CLANG_WARN_EMPTY_BODY = YES;
				CLANG_WARN_ENUM_CONVERSION = YES;
				CLANG_WARN_INFINITE_RECURSION = YES;
				CLANG_WARN_INT_CONVERSION = YES;
				CLANG_WARN_NON_LITERAL_NULL_CONVERSION = YES;
				CLANG_WARN_OBJC_IMPLICIT_RETAIN_SELF = YES;
				CLANG_WARN_OBJC_LITERAL_CONVERSION = YES;
				CLANG_WARN_OBJC_ROOT_CLASS = YES_ERROR;
				CLANG_WARN_QUOTED_INCLUDE_IN_FRAMEWORK_HEADER = YES;
				CLANG_WARN_RANGE_LOOP_ANALYSIS = YES;
				CLANG_WARN_STRICT_PROTOTYPES = YES;
				CLANG_WARN_SUSPICIOUS_MOVE = YES;
				CLANG_WARN_UNGUARDED_AVAILABILITY = YES_AGGRESSIVE;
				CLANG_WARN_UNREACHABLE_CODE = YES;
				CLANG_WARN__DUPLICATE_METHOD_MATCH = YES;
				CODE_SIGN_STYLE = Automatic;
				COPY_PHASE_STRIP = NO;
				CURRENT_PROJECT_VERSION = 1;
				DEBUG_INFORMATION_FORMAT = "dwarf-with-dsym";
				DEVELOPMENT_TEAM = "";
				ENABLE_NS_ASSERTIONS = NO;
				ENABLE_STRICT_OBJC_MSGSEND = YES;
				GCC_C_LANGUAGE_STANDARD = gnu11;
				GCC_NO_COMMON_BLOCKS = YES;
				GCC_WARN_64_TO_32_BIT_CONVERSION = YES;
				GCC_WARN_ABOUT_RETURN_TYPE = YES_ERROR;
				GCC_WARN_UNDECLARED_SELECTOR = YES;
				GCC_WARN_UNINITIALIZED_AUTOS = YES_AGGRESSIVE;
				GCC_WARN_UNUSED_FUNCTION = YES;
				GCC_WARN_UNUSED_VARIABLE = YES;
				IPHONEOS_DEPLOYMENT_TARGET = 17.0;
				MARKETING_VERSION = 1.0.0;
				MTL_ENABLE_DEBUG_INFO = NO;
				MTL_FAST_MATH = YES;
				PRODUCT_NAME = "$(TARGET_NAME)";
				SDKROOT = iphoneos;
				SWIFT_COMPILATION_MODE = wholemodule;
				SWIFT_OPTIMIZATION_LEVEL = "-O";
				SWIFT_VERSION = 5.9;
				TARGETED_DEVICE_FAMILY = "1,2";
			};
			name = Release;
		};
		655CBCD025861B2FF4BBF535 /* Release */ = {
			isa = XCBuildConfiguration;
			buildSettings = {
				ASSETCATALOG_COMPILER_APPICON_NAME = AppIcon;
				ASSETCATALOG_COMPILER_GLOBAL_ACCENT_COLOR_NAME = AccentColor;
				CODE_SIGN_IDENTITY = "iPhone Developer";
				DEVELOPMENT_TEAM = 59DFVYJLQN;
				ENABLE_PREVIEWS = YES;
				INFOPLIST_FILE = SightSingingApp/Info.plist;
				LD_RUNPATH_SEARCH_PATHS = (
					"$(inherited)",
					"@executable_path/Frameworks",
				);
				PRODUCT_BUNDLE_IDENTIFIER = com.sightsinging.app;
				SDKROOT = iphoneos;
				TARGETED_DEVICE_FAMILY = "1,2";
			};
			name = Release;
		};
		7637E507136E2A3857E94578 /* Debug */ = {
			isa = XCBuildConfiguration;
			buildSettings = {
				BUNDLE_LOADER = "$(TEST_HOST)";
				INFOPLIST_FILE = SightSingingAppTests/Info.plist;
				LD_RUNPATH_SEARCH_PATHS = (
					"$(inherited)",
					"@executable_path/Frameworks",
					"@loader_path/Frameworks",
				);
				PRODUCT_BUNDLE_IDENTIFIER = com.sightsinging.app.tests;
				SDKROOT = iphoneos;
				TARGETED_DEVICE_FAMILY = "1,2";
				TEST_HOST = "$(BUILT_PRODUCTS_DIR)/SightSingingApp.app/SightSingingApp";
			};
			name = Debug;
		};
		ACFD53023DF0A5C3D42F9E7D /* Debug */ = {
			isa = XCBuildConfiguration;
			buildSettings = {
				ASSETCATALOG_COMPILER_APPICON_NAME = AppIcon;
				ASSETCATALOG_COMPILER_GLOBAL_ACCENT_COLOR_NAME = AccentColor;
				CODE_SIGN_IDENTITY = "iPhone Developer";
				DEVELOPMENT_TEAM = 59DFVYJLQN;
				ENABLE_PREVIEWS = YES;
				INFOPLIST_FILE = SightSingingApp/Info.plist;
				LD_RUNPATH_SEARCH_PATHS = (
					"$(inherited)",
					"@executable_path/Frameworks",
				);
				PRODUCT_BUNDLE_IDENTIFIER = com.sightsinging.app;
				SDKROOT = iphoneos;
				TARGETED_DEVICE_FAMILY = "1,2";
			};
			name = Debug;
		};
		C62273C43DBF82549B543BB5 /* Release */ = {
			isa = XCBuildConfiguration;
			buildSettings = {
				BUNDLE_LOADER = "$(TEST_HOST)";
				INFOPLIST_FILE = SightSingingAppTests/Info.plist;
				LD_RUNPATH_SEARCH_PATHS = (
					"$(inherited)",
					"@executable_path/Frameworks",
					"@loader_path/Frameworks",
				);
				PRODUCT_BUNDLE_IDENTIFIER = com.sightsinging.app.tests;
				SDKROOT = iphoneos;
				TARGETED_DEVICE_FAMILY = "1,2";
				TEST_HOST = "$(BUILT_PRODUCTS_DIR)/SightSingingApp.app/SightSingingApp";
			};
			name = Release;
		};
		CCBE8B4162708F03AEA09073 /* Debug */ = {
			isa = XCBuildConfiguration;
			buildSettings = {
				ALWAYS_SEARCH_USER_PATHS = NO;
				CLANG_ANALYZER_NONNULL = YES;
				CLANG_ANALYZER_NUMBER_OBJECT_CONVERSION = YES_AGGRESSIVE;
				CLANG_CXX_LANGUAGE_STANDARD = "gnu++14";
				CLANG_CXX_LIBRARY = "libc++";
				CLANG_ENABLE_MODULES = YES;
				CLANG_ENABLE_OBJC_ARC = YES;
				CLANG_ENABLE_OBJC_WEAK = YES;
				CLANG_WARN_BLOCK_CAPTURE_AUTORELEASING = YES;
				CLANG_WARN_BOOL_CONVERSION = YES;
				CLANG_WARN_COMMA = YES;
				CLANG_WARN_CONSTANT_CONVERSION = YES;
				CLANG_WARN_DEPRECATED_OBJC_IMPLEMENTATIONS = YES;
				CLANG_WARN_DIRECT_OBJC_ISA_USAGE = YES_ERROR;
				CLANG_WARN_DOCUMENTATION_COMMENTS = YES;
				CLANG_WARN_EMPTY_BODY = YES;
				CLANG_WARN_ENUM_CONVERSION = YES;
				CLANG_WARN_INFINITE_RECURSION = YES;
				CLANG_WARN_INT_CONVERSION = YES;
				CLANG_WARN_NON_LITERAL_NULL_CONVERSION = YES;
				CLANG_WARN_OBJC_IMPLICIT_RETAIN_SELF = YES;
				CLANG_WARN_OBJC_LITERAL_CONVERSION = YES;
				CLANG_WARN_OBJC_ROOT_CLASS = YES_ERROR;
				CLANG_WARN_QUOTED_INCLUDE_IN_FRAMEWORK_HEADER = YES;
				CLANG_WARN_RANGE_LOOP_ANALYSIS = YES;
				CLANG_WARN_STRICT_PROTOTYPES = YES;
				CLANG_WARN_SUSPICIOUS_MOVE = YES;
				CLANG_WARN_UNGUARDED_AVAILABILITY = YES_AGGRESSIVE;
				CLANG_WARN_UNREACHABLE_CODE = YES;
				CLANG_WARN__DUPLICATE_METHOD_MATCH = YES;
				CODE_SIGN_STYLE = Automatic;
				COPY_PHASE_STRIP = NO;
				CURRENT_PROJECT_VERSION = 1;
				DEBUG_INFORMATION_FORMAT = dwarf;
				DEVELOPMENT_TEAM = "";
				ENABLE_STRICT_OBJC_MSGSEND = YES;
				ENABLE_TESTABILITY = YES;
				GCC_C_LANGUAGE_STANDARD = gnu11;
				GCC_DYNAMIC_NO_PIC = NO;
				GCC_NO_COMMON_BLOCKS = YES;
				GCC_OPTIMIZATION_LEVEL = 0;
				GCC_PREPROCESSOR_DEFINITIONS = (
					"$(inherited)",
					"DEBUG=1",
				);
				GCC_WARN_64_TO_32_BIT_CONVERSION = YES;
				GCC_WARN_ABOUT_RETURN_TYPE = YES_ERROR;
				GCC_WARN_UNDECLARED_SELECTOR = YES;
				GCC_WARN_UNINITIALIZED_AUTOS = YES_AGGRESSIVE;
				GCC_WARN_UNUSED_FUNCTION = YES;
				GCC_WARN_UNUSED_VARIABLE = YES;
				IPHONEOS_DEPLOYMENT_TARGET = 17.0;
				MARKETING_VERSION = 1.0.0;
				MTL_ENABLE_DEBUG_INFO = INCLUDE_SOURCE;
				MTL_FAST_MATH = YES;
				ONLY_ACTIVE_ARCH = YES;
				PRODUCT_NAME = "$(TARGET_NAME)";
				SDKROOT = iphoneos;
				SWIFT_ACTIVE_COMPILATION_CONDITIONS = DEBUG;
				SWIFT_OPTIMIZATION_LEVEL = "-Onone";
				SWIFT_VERSION = 5.9;
				TARGETED_DEVICE_FAMILY = "1,2";
			};
			name = Debug;
		};
/* End XCBuildConfiguration section */

/* Begin XCConfigurationList section */
		06204E2C6B18B16EC799830B /* Build configuration list for PBXNativeTarget "SightSingingAppTests" */ = {
			isa = XCConfigurationList;
			buildConfigurations = (
				7637E507136E2A3857E94578 /* Debug */,
				C62273C43DBF82549B543BB5 /* Release */,
			);
			defaultConfigurationIsVisible = 0;
			defaultConfigurationName = Debug;
		};
		0E4D8EA6C7DC66AB698EDD9B /* Build configuration list for PBXNativeTarget "SightSingingApp" */ = {
			isa = XCConfigurationList;
			buildConfigurations = (
				ACFD53023DF0A5C3D42F9E7D /* Debug */,
				655CBCD025861B2FF4BBF535 /* Release */,
			);
			defaultConfigurationIsVisible = 0;
			defaultConfigurationName = Debug;
		};
		86866E2E3D4DBC8252C9C8FA /* Build configuration list for PBXProject "SightSingingApp" */ = {
			isa = XCConfigurationList;
			buildConfigurations = (
				CCBE8B4162708F03AEA09073 /* Debug */,
				5B6E89477F4F45E87A84FF9C /* Release */,
			);
			defaultConfigurationIsVisible = 0;
			defaultConfigurationName = Debug;
		};
/* End XCConfigurationList section */
	};
	rootObject = 72048ED5947E58F2C4608C4C /* Project object */;
}
